
Microsoft Visual Studio Solution File, Format Version 12.00
# Visual Studio Version 16
VisualStudioVersion = 16.0.31729.503
MinimumVisualStudioVersion = 10.0.40219.1
Project("{FAE04EC0-301F-11D3-BF4B-00C04F79EFBC}") = "LoadExcel", "LoadExcel\LoadExcel.csproj", "{B54394FF-B4BD-4A69-B52C-8801C6CC4340}"
EndProject
Global
	GlobalSection(SolutionConfigurationPlatforms) = preSolution
		Debug|Any CPU = Debug|Any CPU
		Release|Any CPU = Release|Any CPU
	EndGlobalSection
	GlobalSection(ProjectConfigurationPlatforms) = postSolution
		{B54394FF-B4BD-4A69-B52C-8801C6CC4340}.Debug|Any CPU.ActiveCfg = Debug|Any CPU
		{B54394FF-B4BD-4A69-B52C-8801C6CC4340}.Debug|Any CPU.Build.0 = Debug|Any CPU
		{B54394FF-B4BD-4A69-B52C-8801C6CC4340}.Release|Any CPU.ActiveCfg = Release|Any CPU
		{B54394FF-B4BD-4A69-B52C-8801C6CC4340}.Release|Any CPU.Build.0 = Release|Any CPU
	EndGlobalSection
	GlobalSection(SolutionProperties) = preSolution
		HideSolutionNode = FALSE
	EndGlobalSection
	GlobalSection(ExtensibilityGlobals) = postSolution
		SolutionGuid = {741AAD47-E6FB-4810-BEB2-F338A4E6739F}
	EndGlobalSection
EndGlobal
